
Microsoft Visual Studio Solution File, Format Version 12.00
# Visual Studio Version 17
VisualStudioVersion = 17.10.35027.167
MinimumVisualStudioVersion = 10.0.40219.1
Project("{FAE04EC0-301F-11D3-BF4B-00C04F79EFBC}") = "While-DoWhile", "While-DoWhile\While-DoWhile.csproj", "{5384C9F4-57CC-453C-9BDC-3EDDF1C33BE3}"
EndProject
Global
	GlobalSection(SolutionConfigurationPlatforms) = preSolution
		Debug|Any CPU = Debug|Any CPU
		Release|Any CPU = Release|Any CPU
	EndGlobalSection
	GlobalSection(ProjectConfigurationPlatforms) = postSolution
		{5384C9F4-57CC-453C-9BDC-3EDDF1C33BE3}.Debug|Any CPU.ActiveCfg = Debug|Any CPU
		{5384C9F4-57CC-453C-9BDC-3EDDF1C33BE3}.Debug|Any CPU.Build.0 = Debug|Any CPU
		{5384C9F4-57CC-453C-9BDC-3EDDF1C33BE3}.Release|Any CPU.ActiveCfg = Release|Any CPU
		{5384C9F4-57CC-453C-9BDC-3EDDF1C33BE3}.Release|Any CPU.Build.0 = Release|Any CPU
	EndGlobalSection
	GlobalSection(SolutionProperties) = preSolution
		HideSolutionNode = FALSE
	EndGlobalSection
	GlobalSection(ExtensibilityGlobals) = postSolution
		SolutionGuid = {574D1B48-596E-4609-8C9F-B5DD9321E818}
	EndGlobalSection
EndGlobal
